// !$*UTF8*$!
{
	archiveVersion = 1;
	classes = {
	};
	objectVersion = 56;
	objects = {

/* Begin PBXBuildFile section */
		AA100001000000000000AA01 /* AppDelegate.swift in Sources */ = {isa = PBXBuildFile; fileRef = AA200001000000000000AA01 /* AppDelegate.swift */; };
		AA100002000000000000AA02 /* ClickTrackInserterApp.swift in Sources */ = {isa = PBXBuildFile; fileRef = AA200002000000000000AA02 /* ClickTrackInserterApp.swift */; };
		AA100003000000000000AA03 /* ContentView.swift in Sources */ = {isa = PBXBuildFile; fileRef = AA200003000000000000AA03 /* ContentView.swift */; };
		AA100004000000000000AA04 /* DragSourceWindow.swift in Sources */ = {isa = PBXBuildFile; fileRef = AA200004000000000000AA04 /* DragSourceWindow.swift */; };
		AA100005000000000000AA05 /* DropIndicator.swift in Sources */ = {isa = PBXBuildFile; fileRef = AA200005000000000000AA05 /* DropIndicator.swift */; };
		AA100006000000000000AA06 /* HotkeyMonitor.swift in Sources */ = {isa = PBXBuildFile; fileRef = AA200006000000000000AA06 /* HotkeyMonitor.swift */; };
		AA100007000000000000AA07 /* InputPopupController.swift in Sources */ = {isa = PBXBuildFile; fileRef = AA200007000000000000AA07 /* InputPopupController.swift */; };
		AA100008000000000000AA08 /* LogicProController.swift in Sources */ = {isa = PBXBuildFile; fileRef = AA200008000000000000AA08 /* LogicProController.swift */; };
		AA100009000000000000AA09 /* MappingStore.swift in Sources */ = {isa = PBXBuildFile; fileRef = AA200009000000000000AA09 /* MappingStore.swift */; };
		AA10000A000000000000AA0A /* SettingsView.swift in Sources */ = {isa = PBXBuildFile; fileRef = AA20000A000000000000AA0A /* SettingsView.swift */; };
		AA10000B000000000000AA0B /* Assets.xcassets in Resources */ = {isa = PBXBuildFile; fileRef = AA20000B000000000000AA0B /* Assets.xcassets */; };
		AA10000C000000000000AA0C /* OnboardingView.swift in Sources */ = {isa = PBXBuildFile; fileRef = AA20000C000000000000AA0C /* OnboardingView.swift */; };
		AA10000D000000000000AA0D /* HotkeyConfig.swift in Sources */ = {isa = PBXBuildFile; fileRef = AA20000D000000000000AA0D /* HotkeyConfig.swift */; };
/* End PBXBuildFile section */

/* Begin PBXFileReference section */
		F81654872FEC498800D9D585 /* ClickTrackInserter.app */ = {isa = PBXFileReference; explicitFileType = wrapper.application; includeInIndex = 0; path = ClickTrackInserter.app; sourceTree = BUILT_PRODUCTS_DIR; };
		AA200001000000000000AA01 /* AppDelegate.swift */ = {isa = PBXFileReference; lastKnownFileType = sourcecode.swift; path = AppDelegate.swift; sourceTree = "<group>"; };
		AA200002000000000000AA02 /* ClickTrackInserterApp.swift */ = {isa = PBXFileReference; lastKnownFileType = sourcecode.swift; path = ClickTrackInserterApp.swift; sourceTree = "<group>"; };
		AA200003000000000000AA03 /* ContentView.swift */ = {isa = PBXFileReference; lastKnownFileType = sourcecode.swift; path = ContentView.swift; sourceTree = "<group>"; };
		AA200004000000000000AA04 /* DragSourceWindow.swift */ = {isa = PBXFileReference; lastKnownFileType = sourcecode.swift; path = DragSourceWindow.swift; sourceTree = "<group>"; };
		AA200005000000000000AA05 /* DropIndicator.swift */ = {isa = PBXFileReference; lastKnownFileType = sourcecode.swift; path = DropIndicator.swift; sourceTree = "<group>"; };
		AA200006000000000000AA06 /* HotkeyMonitor.swift */ = {isa = PBXFileReference; lastKnownFileType = sourcecode.swift; path = HotkeyMonitor.swift; sourceTree = "<group>"; };
		AA200007000000000000AA07 /* InputPopupController.swift */ = {isa = PBXFileReference; lastKnownFileType = sourcecode.swift; path = InputPopupController.swift; sourceTree = "<group>"; };
		AA200008000000000000AA08 /* LogicProController.swift */ = {isa = PBXFileReference; lastKnownFileType = sourcecode.swift; path = LogicProController.swift; sourceTree = "<group>"; };
		AA200009000000000000AA09 /* MappingStore.swift */ = {isa = PBXFileReference; lastKnownFileType = sourcecode.swift; path = MappingStore.swift; sourceTree = "<group>"; };
		AA20000A000000000000AA0A /* SettingsView.swift */ = {isa = PBXFileReference; lastKnownFileType = sourcecode.swift; path = SettingsView.swift; sourceTree = "<group>"; };
		AA20000B000000000000AA0B /* Assets.xcassets */ = {isa = PBXFileReference; lastKnownFileType = folder.assetcatalog; path = Assets.xcassets; sourceTree = "<group>"; };
		AA20000C000000000000AA0C /* OnboardingView.swift */ = {isa = PBXFileReference; lastKnownFileType = sourcecode.swift; path = OnboardingView.swift; sourceTree = "<group>"; };
		AA20000D000000000000AA0D /* HotkeyConfig.swift */ = {isa = PBXFileReference; lastKnownFileType = sourcecode.swift; path = HotkeyConfig.swift; sourceTree = "<group>"; };
/* End PBXFileReference section */

/* Begin PBXFrameworksBuildPhase section */
		F81654842FEC498800D9D585 /* Frameworks */ = {
			isa = PBXFrameworksBuildPhase;
			buildActionMask = 2147483647;
			files = (
			);
			runOnlyForDeploymentPostprocessing = 0;
		};
/* End PBXFrameworksBuildPhase section */

/* Begin PBXGroup section */
		F816547E2FEC498800D9D585 = {
			isa = PBXGroup;
			children = (
				AA300001000000000000AA01 /* ClickTrackInserter */,
				F81654882FEC498800D9D585 /* Products */,
			);
			sourceTree = "<group>";
		};
		AA300001000000000000AA01 /* ClickTrackInserter */ = {
			isa = PBXGroup;
			children = (
				AA200001000000000000AA01 /* AppDelegate.swift */,
				AA20000B000000000000AA0B /* Assets.xcassets */,
				AA200002000000000000AA02 /* ClickTrackInserterApp.swift */,
				AA200003000000000000AA03 /* ContentView.swift */,
				AA200004000000000000AA04 /* DragSourceWindow.swift */,
				AA200005000000000000AA05 /* DropIndicator.swift */,
				AA200006000000000000AA06 /* HotkeyMonitor.swift */,
				AA200007000000000000AA07 /* InputPopupController.swift */,
				AA200008000000000000AA08 /* LogicProController.swift */,
				AA200009000000000000AA09 /* MappingStore.swift */,
				AA20000A000000000000AA0A /* SettingsView.swift */,
				AA20000C000000000000AA0C /* OnboardingView.swift */,
				AA20000D000000000000AA0D /* HotkeyConfig.swift */,
			);
			name = ClickTrackInserter;
			sourceTree = "<group>";
		};
		F81654882FEC498800D9D585 /* Products */ = {
			isa = PBXGroup;
			children = (
				F81654872FEC498800D9D585 /* ClickTrackInserter.app */,
			);
			name = Products;
			sourceTree = "<group>";
		};
/* End PBXGroup section */

/* Begin PBXNativeTarget section */
		F81654862FEC498800D9D585 /* ClickTrackInserter */ = {
			isa = PBXNativeTarget;
			buildConfigurationList = F81654922FEC498900D9D585 /* Build configuration list for PBXNativeTarget "ClickTrackInserter" */;
			buildPhases = (
				F81654832FEC498800D9D585 /* Sources */,
				F81654842FEC498800D9D585 /* Frameworks */,
				F81654852FEC498800D9D585 /* Resources */,
				F81654A02FEC498800D9D585 /* Copy to Applications */,
			);
			buildRules = (
			);
			dependencies = (
			);
			name = ClickTrackInserter;
			packageProductDependencies = (
			);
			productName = ClickTrackInserter;
			productReference = F81654872FEC498800D9D585 /* ClickTrackInserter.app */;
			productType = "com.apple.product-type.application";
		};
/* End PBXNativeTarget section */

/* Begin PBXProject section */
		F816547F2FEC498800D9D585 /* Project object */ = {
			isa = PBXProject;
			attributes = {
				BuildIndependentTargetsInParallel = 1;
				LastSwiftUpdateCheck = 1600;
				LastUpgradeCheck = 1600;
				TargetAttributes = {
					F81654862FEC498800D9D585 = {
						CreatedOnToolsVersion = 16.0;
					};
				};
			};
			buildConfigurationList = F81654822FEC498800D9D585 /* Build configuration list for PBXProject "ClickTrackInserter" */;
			developmentRegion = en;
			hasScannedForEncodings = 0;
			knownRegions = (
				en,
				Base,
			);
			mainGroup = F816547E2FEC498800D9D585;
			productRefGroup = F81654882FEC498800D9D585 /* Products */;
			projectDirPath = "";
			projectRoot = "";
			targets = (
				F81654862FEC498800D9D585 /* ClickTrackInserter */,
			);
		};
/* End PBXProject section */

/* Begin PBXResourcesBuildPhase section */
		F81654852FEC498800D9D585 /* Resources */ = {
			isa = PBXResourcesBuildPhase;
			buildActionMask = 2147483647;
			files = (
				AA10000B000000000000AA0B /* Assets.xcassets in Resources */,
			);
			runOnlyForDeploymentPostprocessing = 0;
		};
/* End PBXResourcesBuildPhase section */

/* Begin PBXShellScriptBuildPhase section */
		F81654A02FEC498800D9D585 /* Copy to Applications */ = {
			isa = PBXShellScriptBuildPhase;
			buildActionMask = 2147483647;
			files = (
			);
			inputFileListPaths = (
			);
			inputPaths = (
			);
			name = "Copy to Applications";
			outputFileListPaths = (
			);
			outputPaths = (
			);
			runOnlyForDeploymentPostprocessing = 0;
			shellPath = /bin/sh;
			shellScript = "rm -rf \"/Applications/Directioner.app\"\ncp -R \"${BUILT_PRODUCTS_DIR}/${FULL_PRODUCT_NAME}\" \"/Applications/Directioner.app\"\n/usr/libexec/PlistBuddy -c \"Set :CFBundleName Directioner\" \"/Applications/Directioner.app/Contents/Info.plist\"\necho \"Copied to /Applications/Directioner.app\"\n";
		};
/* End PBXShellScriptBuildPhase section */

/* Begin PBXSourcesBuildPhase section */
		F81654832FEC498800D9D585 /* Sources */ = {
			isa = PBXSourcesBuildPhase;
			buildActionMask = 2147483647;
			files = (
				AA100001000000000000AA01 /* AppDelegate.swift in Sources */,
				AA100002000000000000AA02 /* ClickTrackInserterApp.swift in Sources */,
				AA100003000000000000AA03 /* ContentView.swift in Sources */,
				AA100004000000000000AA04 /* DragSourceWindow.swift in Sources */,
				AA100005000000000000AA05 /* DropIndicator.swift in Sources */,
				AA100006000000000000AA06 /* HotkeyMonitor.swift in Sources */,
				AA100007000000000000AA07 /* InputPopupController.swift in Sources */,
				AA100008000000000000AA08 /* LogicProController.swift in Sources */,
				AA100009000000000000AA09 /* MappingStore.swift in Sources */,
				AA10000A000000000000AA0A /* SettingsView.swift in Sources */,
				AA10000C000000000000AA0C /* OnboardingView.swift in Sources */,
				AA10000D000000000000AA0D /* HotkeyConfig.swift in Sources */,
			);
			runOnlyForDeploymentPostprocessing = 0;
		};
/* End PBXSourcesBuildPhase section */

/* Begin XCBuildConfiguration section */
		F81654902FEC498900D9D585 /* Debug */ = {
			isa = XCBuildConfiguration;
			buildSettings = {
				ALWAYS_SEARCH_USER_PATHS = NO;
				CLANG_ANALYZER_NONNULL = YES;
				CLANG_CXX_LANGUAGE_STANDARD = "gnu++20";
				CLANG_ENABLE_MODULES = YES;
				CLANG_ENABLE_OBJC_ARC = YES;
				CLANG_ENABLE_OBJC_WEAK = YES;
				CLANG_WARN_BLOCK_CAPTURE_AUTORELEASING = YES;
				CLANG_WARN_BOOL_CONVERSION = YES;
				CLANG_WARN_COMMA = YES;
				CLANG_WARN_CONSTANT_CONVERSION = YES;
				CLANG_WARN_DEPRECATED_OBJC_IMPLEMENTATIONS = YES;
				CLANG_WARN_DIRECT_OBJC_ISA_USAGE = YES_ERROR;
				CLANG_WARN_EMPTY_BODY = YES;
				CLANG_WARN_ENUM_CONVERSION = YES;
				CLANG_WARN_INFINITE_RECURSION = YES;
				CLANG_WARN_INT_CONVERSION = YES;
				CLANG_WARN_NON_LITERAL_NULL_CONVERSION = YES;
				CLANG_WARN_OBJC_IMPLICIT_RETAIN_SELF = YES;
				CLANG_WARN_OBJC_LITERAL_CONVERSION = YES;
				CLANG_WARN_OBJC_ROOT_CLASS = YES_ERROR;
				CLANG_WARN_RANGE_LOOP_ANALYSIS = YES;
				CLANG_WARN_STRICT_PROTOTYPES = YES;
				CLANG_WARN_SUSPICIOUS_MOVE = YES;
				CLANG_WARN_UNGUARDED_AVAILABILITY = YES_AGGRESSIVE;
				CLANG_WARN_UNREACHABLE_CODE = YES;
				CLANG_WARN__DUPLICATE_METHOD_MATCH = YES;
				COPY_PHASE_STRIP = NO;
				DEBUG_INFORMATION_FORMAT = dwarf;
				ENABLE_STRICT_OBJC_MSGSEND = YES;
				ENABLE_TESTABILITY = YES;
				ENABLE_USER_SCRIPT_SANDBOXING = NO;
				GCC_C_LANGUAGE_STANDARD = gnu17;
				GCC_DYNAMIC_NO_PIC = NO;
				GCC_NO_COMMON_BLOCKS = YES;
				GCC_OPTIMIZATION_LEVEL = 0;
				GCC_PREPROCESSOR_DEFINITIONS = (
					"DEBUG=1",
					"$(inherited)",
				);
				GCC_WARN_64_TO_32_BIT_CONVERSION = YES;
				GCC_WARN_ABOUT_RETURN_TYPE = YES_ERROR;
				GCC_WARN_UNDECLARED_SELECTOR = YES;
				GCC_WARN_UNINITIALIZED_AUTOS = YES_AGGRESSIVE;
				GCC_WARN_UNUSED_FUNCTION = YES;
				GCC_WARN_UNUSED_VARIABLE = YES;
				MACOSX_DEPLOYMENT_TARGET = 13.0;
				MTL_ENABLE_DEBUG_INFO = INCLUDE_SOURCE;
				MTL_FAST_MATH = YES;
				ONLY_ACTIVE_ARCH = YES;
				SDKROOT = macosx;
				SWIFT_ACTIVE_COMPILATION_CONDITIONS = "DEBUG $(inherited)";
				SWIFT_OPTIMIZATION_LEVEL = "-Onone";
			};
			name = Debug;
		};
		F81654912FEC498900D9D585 /* Release */ = {
			isa = XCBuildConfiguration;
			buildSettings = {
				ALWAYS_SEARCH_USER_PATHS = NO;
				CLANG_ANALYZER_NONNULL = YES;
				CLANG_CXX_LANGUAGE_STANDARD = "gnu++20";
				CLANG_ENABLE_MODULES = YES;
				CLANG_ENABLE_OBJC_ARC = YES;
				CLANG_ENABLE_OBJC_WEAK = YES;
				CLANG_WARN_BLOCK_CAPTURE_AUTORELEASING = YES;
				CLANG_WARN_BOOL_CONVERSION = YES;
				CLANG_WARN_COMMA = YES;
				CLANG_WARN_CONSTANT_CONVERSION = YES;
				CLANG_WARN_DEPRECATED_OBJC_IMPLEMENTATIONS = YES;
				CLANG_WARN_DIRECT_OBJC_ISA_USAGE = YES_ERROR;
				CLANG_WARN_EMPTY_BODY = YES;
				CLANG_WARN_ENUM_CONVERSION = YES;
				CLANG_WARN_INFINITE_RECURSION = YES;
				CLANG_WARN_INT_CONVERSION = YES;
				CLANG_WARN_NON_LITERAL_NULL_CONVERSION = YES;
				CLANG_WARN_OBJC_IMPLICIT_RETAIN_SELF = YES;
				CLANG_WARN_OBJC_LITERAL_CONVERSION = YES;
				CLANG_WARN_OBJC_ROOT_CLASS = YES_ERROR;
				CLANG_WARN_RANGE_LOOP_ANALYSIS = YES;
				CLANG_WARN_STRICT_PROTOTYPES = YES;
				CLANG_WARN_SUSPICIOUS_MOVE = YES;
				CLANG_WARN_UNGUARDED_AVAILABILITY = YES_AGGRESSIVE;
				CLANG_WARN_UNREACHABLE_CODE = YES;
				CLANG_WARN__DUPLICATE_METHOD_MATCH = YES;
				COPY_PHASE_STRIP = NO;
				DEBUG_INFORMATION_FORMAT = "dwarf-with-dsym";
				ENABLE_NS_ASSERTIONS = NO;
				ENABLE_STRICT_OBJC_MSGSEND = YES;
				ENABLE_USER_SCRIPT_SANDBOXING = NO;
				GCC_C_LANGUAGE_STANDARD = gnu17;
				GCC_NO_COMMON_BLOCKS = YES;
				GCC_WARN_64_TO_32_BIT_CONVERSION = YES;
				GCC_WARN_ABOUT_RETURN_TYPE = YES_ERROR;
				GCC_WARN_UNDECLARED_SELECTOR = YES;
				GCC_WARN_UNINITIALIZED_AUTOS = YES_AGGRESSIVE;
				GCC_WARN_UNUSED_FUNCTION = YES;
				GCC_WARN_UNUSED_VARIABLE = YES;
				ARCHS = "arm64 x86_64";
				MACOSX_DEPLOYMENT_TARGET = 13.0;
				MTL_ENABLE_DEBUG_INFO = NO;
				MTL_FAST_MATH = YES;
				ONLY_ACTIVE_ARCH = NO;
				SDKROOT = macosx;
				SWIFT_COMPILATION_MODE = wholemodule;
			};
			name = Release;
		};
		F81654932FEC498900D9D585 /* Debug */ = {
			isa = XCBuildConfiguration;
			buildSettings = {
				ASSETCATALOG_COMPILER_APPICON_NAME = AppIcon;
				ASSETCATALOG_COMPILER_GLOBAL_ACCENT_COLOR_NAME = AccentColor;
				CODE_SIGN_STYLE = Automatic;
				COMBINE_HIDPI_IMAGES = YES;
				CURRENT_PROJECT_VERSION = 1;
				CODE_SIGN_ENTITLEMENTS = Directioner.entitlements;
				ENABLE_APP_SANDBOX = NO;
				GENERATE_INFOPLIST_FILE = YES;
				INFOPLIST_KEY_CFBundleDisplayName = Directioner;
				INFOPLIST_KEY_CFBundleName = Directioner;
				INFOPLIST_KEY_NSHumanReadableCopyright = "";
				LD_RUNPATH_SEARCH_PATHS = (
					"$(inherited)",
					"@executable_path/../Frameworks",
				);
				MARKETING_VERSION = 1.0;
				PRODUCT_BUNDLE_IDENTIFIER = HanHee.Directioner;
				PRODUCT_NAME = "$(TARGET_NAME)";
				SWIFT_EMIT_LOC_STRINGS = YES;
				SWIFT_VERSION = 5.0;
			};
			name = Debug;
		};
		F81654942FEC498900D9D585 /* Release */ = {
			isa = XCBuildConfiguration;
			buildSettings = {
				ASSETCATALOG_COMPILER_APPICON_NAME = AppIcon;
				ASSETCATALOG_COMPILER_GLOBAL_ACCENT_COLOR_NAME = AccentColor;
				CODE_SIGN_STYLE = Automatic;
				COMBINE_HIDPI_IMAGES = YES;
				CURRENT_PROJECT_VERSION = 1;
				CODE_SIGN_ENTITLEMENTS = Directioner.entitlements;
				ENABLE_APP_SANDBOX = NO;
				GENERATE_INFOPLIST_FILE = YES;
				INFOPLIST_KEY_CFBundleDisplayName = Directioner;
				INFOPLIST_KEY_CFBundleName = Directioner;
				INFOPLIST_KEY_NSHumanReadableCopyright = "";
				LD_RUNPATH_SEARCH_PATHS = (
					"$(inherited)",
					"@executable_path/../Frameworks",
				);
				MARKETING_VERSION = 1.0;
				PRODUCT_BUNDLE_IDENTIFIER = HanHee.Directioner;
				PRODUCT_NAME = "$(TARGET_NAME)";
				SWIFT_EMIT_LOC_STRINGS = YES;
				SWIFT_VERSION = 5.0;
			};
			name = Release;
		};
/* End XCBuildConfiguration section */

/* Begin XCConfigurationList section */
		F81654822FEC498800D9D585 /* Build configuration list for PBXProject "ClickTrackInserter" */ = {
			isa = XCConfigurationList;
			buildConfigurations = (
				F81654902FEC498900D9D585 /* Debug */,
				F81654912FEC498900D9D585 /* Release */,
			);
			defaultConfigurationIsVisible = 0;
			defaultConfigurationName = Release;
		};
		F81654922FEC498900D9D585 /* Build configuration list for PBXNativeTarget "ClickTrackInserter" */ = {
			isa = XCConfigurationList;
			buildConfigurations = (
				F81654932FEC498900D9D585 /* Debug */,
				F81654942FEC498900D9D585 /* Release */,
			);
			defaultConfigurationIsVisible = 0;
			defaultConfigurationName = Release;
		};
/* End XCConfigurationList section */
	};
	rootObject = F816547F2FEC498800D9D585 /* Project object */;
}
